// !$*UTF8*$!
{
	archiveVersion = 1;
	classes = {
	};
	objectVersion = 46;
	objects = {

/* Begin PBXBuildFile section */
		DA4DD0D51EFAB7000049FAC4 /* AppDelegate.swift in Sources */ = {isa = PBXBuildFile; fileRef = DA4DD0D41EFAB7000049FAC4 /* AppDelegate.swift */; };
		DA4DD0D71EFAB7000049FAC4 /* ViewController.swift in Sources */ = {isa = PBXBuildFile; fileRef = DA4DD0D61EFAB7000049FAC4 /* ViewController.swift */; };
		DA4DD0DA1EFAB7000049FAC4 /* Main.storyboard in Resources */ = {isa = PBXBuildFile; fileRef = DA4DD0D81EFAB7000049FAC4 /* Main.storyboard */; };
		DA4DD0DC1EFAB7000049FAC4 /* Assets.xcassets in Resources */ = {isa = PBXBuildFile; fileRef = DA4DD0DB1EFAB7000049FAC4 /* Assets.xcassets */; };
		DA4DD0DF1EFAB7000049FAC4 /* LaunchScreen.storyboard in Resources */ = {isa = PBXBuildFile; fileRef = DA4DD0DD1EFAB7000049FAC4 /* LaunchScreen.storyboard */; };
/* End PBXBuildFile section */

/* Begin PBXFileReference section */
		DA4DD0D11EFAB7000049FAC4 /* MultiAsyncProcessingSample.app */ = {isa = PBXFileReference; explicitFileType = wrapper.application; includeInIndex = 0; path = MultiAsyncProcessingSample.app; sourceTree = BUILT_PRODUCTS_DIR; };
		DA4DD0D41EFAB7000049FAC4 /* AppDelegate.swift */ = {isa = PBXFileReference; lastKnownFileType = sourcecode.swift; path = AppDelegate.swift; sourceTree = "<group>"; };
		DA4DD0D61EFAB7000049FAC4 /* ViewController.swift */ = {isa = PBXFileReference; lastKnownFileType = sourcecode.swift; path = ViewController.swift; sourceTree = "<group>"; };
		DA4DD0D91EFAB7000049FAC4 /* Base */ = {isa = PBXFileReference; lastKnownFileType = file.storyboard; name = Base; path = Base.lproj/Main.storyboard; sourceTree = "<group>"; };
		DA4DD0DB1EFAB7000049FAC4 /* Assets.xcassets */ = {isa = PBXFileReference; lastKnownFileType = folder.assetcatalog; path = Assets.xcassets; sourceTree = "<group>"; };
		DA4DD0DE1EFAB7000049FAC4 /* Base */ = {isa = PBXFileReference; lastKnownFileType = file.storyboard; name = Base; path = Base.lproj/LaunchScreen.storyboard; sourceTree = "<group>"; };
		DA4DD0E01EFAB7000049FAC4 /* Info.plist */ = {isa = PBXFileReference; lastKnownFileType = text.plist.xml; path = Info.plist; sourceTree = "<group>"; };
/* End PBXFileReference section */

/* Begin PBXFrameworksBuildPhase section */
		DA4DD0CE1EFAB7000049FAC4 /* Frameworks */ = {
			isa = PBXFrameworksBuildPhase;
			buildActionMask = 2147483647;
			files = (
			);
			runOnlyForDeploymentPostprocessing = 0;
		};
/* End PBXFrameworksBuildPhase section */

/* Begin PBXGroup section */
		DA4DD0C81EFAB7000049FAC4 = {
			isa = PBXGroup;
			children = (
				DA4DD0D31EFAB7000049FAC4 /* MultiAsyncProcessingSample */,
				DA4DD0D21EFAB7000049FAC4 /* Products */,
			);
			sourceTree = "<group>";
		};
		DA4DD0D21EFAB7000049FAC4 /* Products */ = {
			isa = PBXGroup;
			children = (
				DA4DD0D11EFAB7000049FAC4 /* MultiAsyncProcessingSample.app */,
			);
			name = Products;
			sourceTree = "<group>";
		};
		DA4DD0D31EFAB7000049FAC4 /* MultiAsyncProcessingSample */ = {
			isa = PBXGroup;
			children = (
				DA4DD0D41EFAB7000049FAC4 /* AppDelegate.swift */,
				DA4DD0D61EFAB7000049FAC4 /* ViewController.swift */,
				DA4DD0D81EFAB7000049FAC4 /* Main.storyboard */,
				DA4DD0DB1EFAB7000049FAC4 /* Assets.xcassets */,
				DA4DD0DD1EFAB7000049FAC4 /* LaunchScreen.storyboard */,
				DA4DD0E01EFAB7000049FAC4 /* Info.plist */,
			);
			path = MultiAsyncProcessingSample;
			sourceTree = "<group>";
		};
/* End PBXGroup section */

/* Begin PBXNativeTarget section */
		DA4DD0D01EFAB7000049FAC4 /* MultiAsyncProcessingSample */ = {
			isa = PBXNativeTarget;
			buildConfigurationList = DA4DD0E31EFAB7000049FAC4 /* Build configuration list for PBXNativeTarget "MultiAsyncProcessingSample" */;
			buildPhases = (
				DA4DD0CD1EFAB7000049FAC4 /* Sources */,
				DA4DD0CE1EFAB7000049FAC4 /* Frameworks */,
				DA4DD0CF1EFAB7000049FAC4 /* Resources */,
			);
			buildRules = (
			);
			dependencies = (
			);
			name = MultiAsyncProcessingSample;
			productName = MultiAsyncProcessingSample;
			productReference = DA4DD0D11EFAB7000049FAC4 /* MultiAsyncProcessingSample.app */;
			productType = "com.apple.product-type.application";
		};
/* End PBXNativeTarget section */

/* Begin PBXProject section */
		DA4DD0C91EFAB7000049FAC4 /* Project object */ = {
			isa = PBXProject;
			attributes = {
				LastSwiftUpdateCheck = 0830;
				LastUpgradeCheck = 0830;
				ORGANIZATIONNAME = "Shota Nakagami";
				TargetAttributes = {
					DA4DD0D01EFAB7000049FAC4 = {
						CreatedOnToolsVersion = 8.3.2;
						DevelopmentTeam = 8U533Y3X82;
						ProvisioningStyle = Automatic;
					};
				};
			};
			buildConfigurationList = DA4DD0CC1EFAB7000049FAC4 /* Build configuration list for PBXProject "MultiAsyncProcessingSample" */;
			compatibilityVersion = "Xcode 3.2";
			developmentRegion = English;
			hasScannedForEncodings = 0;
			knownRegions = (
				en,
				Base,
			);
			mainGroup = DA4DD0C81EFAB7000049FAC4;
			productRefGroup = DA4DD0D21EFAB7000049FAC4 /* Products */;
			projectDirPath = "";
			projectRoot = "";
			targets = (
				DA4DD0D01EFAB7000049FAC4 /* MultiAsyncProcessingSample */,
			);
		};
/* End PBXProject section */

/* Begin PBXResourcesBuildPhase section */
		DA4DD0CF1EFAB7000049FAC4 /* Resources */ = {
			isa = PBXResourcesBuildPhase;
			buildActionMask = 2147483647;
			files = (
				DA4DD0DF1EFAB7000049FAC4 /* LaunchScreen.storyboard in Resources */,
				DA4DD0DC1EFAB7000049FAC4 /* Assets.xcassets in Resources */,
				DA4DD0DA1EFAB7000049FAC4 /* Main.storyboard in Resources */,
			);
			runOnlyForDeploymentPostprocessing = 0;
		};
/* End PBXResourcesBuildPhase section */

/* Begin PBXSourcesBuildPhase section */
		DA4DD0CD1EFAB7000049FAC4 /* Sources */ = {
			isa = PBXSourcesBuildPhase;
			buildActionMask = 2147483647;
			files = (
				DA4DD0D71EFAB7000049FAC4 /* ViewController.swift in Sources */,
				DA4DD0D51EFAB7000049FAC4 /* AppDelegate.swift in Sources */,
			);
			runOnlyForDeploymentPostprocessing = 0;
		};
/* End PBXSourcesBuildPhase section */

/* Begin PBXVariantGroup section */
		DA4DD0D81EFAB7000049FAC4 /* Main.storyboard */ = {
			isa = PBXVariantGroup;
			children = (
				DA4DD0D91EFAB7000049FAC4 /* Base */,
			);
			name = Main.storyboard;
			sourceTree = "<group>";
		};
		DA4DD0DD1EFAB7000049FAC4 /* LaunchScreen.storyboard */ = {
			isa = PBXVariantGroup;
			children = (
				DA4DD0DE1EFAB7000049FAC4 /* Base */,
			);
			name = LaunchScreen.storyboard;
			sourceTree = "<group>";
		};
/* End PBXVariantGroup section */

/* Begin XCBuildConfiguration section */
		DA4DD0E11EFAB7000049FAC4 /* Debug */ = {
			isa = XCBuildConfiguration;
			buildSettings = {
				ALWAYS_SEARCH_USER_PATHS = NO;
				CLANG_ANALYZER_NONNULL = YES;
				CLANG_ANALYZER_NUMBER_OBJECT_CONVERSION = YES_AGGRESSIVE;
				CLANG_CXX_LANGUAGE_STANDARD = "gnu++0x";
				CLANG_CXX_LIBRARY = "libc++";
				CLANG_ENABLE_MODULES = YES;
				CLANG_ENABLE_OBJC_ARC = YES;
				CLANG_WARN_BOOL_CONVERSION = YES;
				CLANG_WARN_CONSTANT_CONVERSION = YES;
				CLANG_WARN_DIRECT_OBJC_ISA_USAGE = YES_ERROR;
				CLANG_WARN_DOCUMENTATION_COMMENTS = YES;
				CLANG_WARN_EMPTY_BODY = YES;
				CLANG_WARN_ENUM_CONVERSION = YES;
				CLANG_WARN_INFINITE_RECURSION = YES;
				CLANG_WARN_INT_CONVERSION = YES;
				CLANG_WARN_OBJC_ROOT_CLASS = YES_ERROR;
				CLANG_WARN_SUSPICIOUS_MOVE = YES;
				CLANG_WARN_UNREACHABLE_CODE = YES;
				CLANG_WARN__DUPLICATE_METHOD_MATCH = YES;
				"CODE_SIGN_IDENTITY[sdk=iphoneos*]" = "iPhone Developer";
				COPY_PHASE_STRIP = NO;
				DEBUG_INFORMATION_FORMAT = dwarf;
				ENABLE_STRICT_OBJC_MSGSEND = YES;
				ENABLE_TESTABILITY = YES;
				GCC_C_LANGUAGE_STANDARD = gnu99;
				GCC_DYNAMIC_NO_PIC = NO;
				GCC_NO_COMMON_BLOCKS = YES;
				GCC_OPTIMIZATION_LEVEL = 0;
				GCC_PREPROCESSOR_DEFINITIONS = (
					"DEBUG=1",
					"$(inherited)",
				);
				GCC_WARN_64_TO_32_BIT_CONVERSION = YES;
				GCC_WARN_ABOUT_RETURN_TYPE = YES_ERROR;
				GCC_WARN_UNDECLARED_SELECTOR = YES;
				GCC_WARN_UNINITIALIZED_AUTOS = YES_AGGRESSIVE;
				GCC_WARN_UNUSED_FUNCTION = YES;
				GCC_WARN_UNUSED_VARIABLE = YES;
				IPHONEOS_DEPLOYMENT_TARGET = 10.3;
				MTL_ENABLE_DEBUG_INFO = YES;
				ONLY_ACTIVE_ARCH = YES;
				SDKROOT = iphoneos;
				SWIFT_ACTIVE_COMPILATION_CONDITIONS = DEBUG;
				SWIFT_OPTIMIZATION_LEVEL = "-Onone";
				TARGETED_DEVICE_FAMILY = "1,2";
			};
			name = Debug;
		};
		DA4DD0E21EFAB7000049FAC4 /* Release */ = {
			isa = XCBuildConfiguration;
			buildSettings = {
				ALWAYS_SEARCH_USER_PATHS = NO;
				CLANG_ANALYZER_NONNULL = YES;
				CLANG_ANALYZER_NUMBER_OBJECT_CONVERSION = YES_AGGRESSIVE;
				CLANG_CXX_LANGUAGE_STANDARD = "gnu++0x";
				CLANG_CXX_LIBRARY = "libc++";
				CLANG_ENABLE_MODULES = YES;
				CLANG_ENABLE_OBJC_ARC = YES;
				CLANG_WARN_BOOL_CONVERSION = YES;
				CLANG_WARN_CONSTANT_CONVERSION = YES;
				CLANG_WARN_DIRECT_OBJC_ISA_USAGE = YES_ERROR;
				CLANG_WARN_DOCUMENTATION_COMMENTS = YES;
				CLANG_WARN_EMPTY_BODY = YES;
				CLANG_WARN_ENUM_CONVERSION = YES;
				CLANG_WARN_INFINITE_RECURSION = YES;
				CLANG_WARN_INT_CONVERSION = YES;
				CLANG_WARN_OBJC_ROOT_CLASS = YES_ERROR;
				CLANG_WARN_SUSPICIOUS_MOVE = YES;
				CLANG_WARN_UNREACHABLE_CODE = YES;
				CLANG_WARN__DUPLICATE_METHOD_MATCH = YES;
				"CODE_SIGN_IDENTITY[sdk=iphoneos*]" = "iPhone Developer";
				COPY_PHASE_STRIP = NO;
				DEBUG_INFORMATION_FORMAT = "dwarf-with-dsym";
				ENABLE_NS_ASSERTIONS = NO;
				ENABLE_STRICT_OBJC_MSGSEND = YES;
				GCC_C_LANGUAGE_STANDARD = gnu99;
				GCC_NO_COMMON_BLOCKS = YES;
				GCC_WARN_64_TO_32_BIT_CONVERSION = YES;
				GCC_WARN_ABOUT_RETURN_TYPE = YES_ERROR;
				GCC_WARN_UNDECLARED_SELECTOR = YES;
				GCC_WARN_UNINITIALIZED_AUTOS = YES_AGGRESSIVE;
				GCC_WARN_UNUSED_FUNCTION = YES;
				GCC_WARN_UNUSED_VARIABLE = YES;
				IPHONEOS_DEPLOYMENT_TARGET = 10.3;
				MTL_ENABLE_DEBUG_INFO = NO;
				SDKROOT = iphoneos;
				SWIFT_OPTIMIZATION_LEVEL = "-Owholemodule";
				TARGETED_DEVICE_FAMILY = "1,2";
				VALIDATE_PRODUCT = YES;
			};
			name = Release;
		};
		DA4DD0E41EFAB7000049FAC4 /* Debug */ = {
			isa = XCBuildConfiguration;
			buildSettings = {
				ASSETCATALOG_COMPILER_APPICON_NAME = AppIcon;
				DEVELOPMENT_TEAM = 8U533Y3X82;
				INFOPLIST_FILE = MultiAsyncProcessingSample/Info.plist;
				LD_RUNPATH_SEARCH_PATHS = "$(inherited) @executable_path/Frameworks";
				PRODUCT_BUNDLE_IDENTIFIER = com.shotanakagami.MultiAsyncProcessingSample;
				PRODUCT_NAME = "$(TARGET_NAME)";
				SWIFT_VERSION = 3.0;
			};
			name = Debug;
		};
		DA4DD0E51EFAB7000049FAC4 /* Release */ = {
			isa = XCBuildConfiguration;
			buildSettings = {
				ASSETCATALOG_COMPILER_APPICON_NAME = AppIcon;
				DEVELOPMENT_TEAM = 8U533Y3X82;
				INFOPLIST_FILE = MultiAsyncProcessingSample/Info.plist;
				LD_RUNPATH_SEARCH_PATHS = "$(inherited) @executable_path/Frameworks";
				PRODUCT_BUNDLE_IDENTIFIER = com.shotanakagami.MultiAsyncProcessingSample;
				PRODUCT_NAME = "$(TARGET_NAME)";
				SWIFT_VERSION = 3.0;
			};
			name = Release;
		};
/* End XCBuildConfiguration section */

/* Begin XCConfigurationList section */
		DA4DD0CC1EFAB7000049FAC4 /* Build configuration list for PBXProject "MultiAsyncProcessingSample" */ = {
			isa = XCConfigurationList;
			buildConfigurations = (
				DA4DD0E11EFAB7000049FAC4 /* Debug */,
				DA4DD0E21EFAB7000049FAC4 /* Release */,
			);
			defaultConfigurationIsVisible = 0;
			defaultConfigurationName = Release;
		};
		DA4DD0E31EFAB7000049FAC4 /* Build configuration list for PBXNativeTarget "MultiAsyncProcessingSample" */ = {
			isa = XCConfigurationList;
			buildConfigurations = (
				DA4DD0E41EFAB7000049FAC4 /* Debug */,
				DA4DD0E51EFAB7000049FAC4 /* Release */,
			);
			defaultConfigurationIsVisible = 0;
		};
/* End XCConfigurationList section */
	};
	rootObject = DA4DD0C91EFAB7000049FAC4 /* Project object */;
}
